github.com/iti/cmdline v0.1.2 h1:jZPyf5eDfgQM7hziTX6pdM9KAaiHGKjx9jvkJq2WMqc=
github.com/iti/cmdline v0.1.2/go.mod h1:TbCZptCysYs4UyP281TmNiEubmu19VKNvJFFsTtMos0=
github.com/iti/evt v0.1.4 h1:4Pw7XIlmkmMEzQsMhA36JDEZ79+YASdIMamoyW5cGn8=
github.com/iti/evt v0.1.4/go.mod h1:Za5EWHBUFPbqi0k6HsKCS+RpLHgkLTSLFYEcS3QHuPw=
github.com/iti/mrnes v0.0.20 h1:IE9Ulg46KDZR79cu09F2rqb6NV7JhKhUjjXiTuogsNU=
github.com/iti/mrnes v0.0.20/go.mod h1:p/WOU1kRTI63HvsyYrUMAVJINnp7HHLVv9UgOFHerfk=
github.com/iti/mrnes v0.0.21 h1:tCeI/qh+tu8Hv+k37RgrNMN0puujim0eFo0L603FyhI=
github.com/iti/mrnes v0.0.21/go.mod h1:iEfeiodU5hfN9frAS6uBCRBJwZp3z70owKXbn4ewrJ4=
github.com/iti/rngstream v0.2.2 h1:9cfSikwWPW1Yie+RjdJ23uUuMryLu+Ou38/TChYLPZ8=
github.com/iti/rngstream v0.2.2/go.mod h1:sf9vdWtEjVW4dxOocgIqbivkNIrfcl10H8jEeeqFNnQ=
golang.org/x/exp v0.0.0-20250106191152-7588d65b2ba8 h1:yqrTHse8TCMW1M1ZCP+VAR/l0kKxwaAIqN/il7x4voA=
golang.org/x/exp v0.0.0-20250106191152-7588d65b2ba8/go.mod h1:tujkw807nyEEAamNbDrEGzRav+ilXA7PCRAd6xsmwiU=
gonum.org/v1/gonum v0.15.1 h1:FNy7N6OUZVUaWG9pTiD+jlhdQ3lMP+/LcTpJ6+a8sQ0=
gonum.org/v1/gonum v0.15.1/go.mod h1:eZTZuRFrzu5pcyjN5wJhcIhnUdNijYxX1T2IcrOGY0o=
gopkg.in/check.v1 v0.0.0-20161208181325-20d25e280405 h1:yhCVgyC4o1eVCa2tZl7eS0r+SDo693bJlVdllGtEeKM=
gopkg.in/check.v1 v0.0.0-20161208181325-20d25e280405/go.mod h1:Co6ibVJAznAaIkqp8huTwlJQCZ016jof/cbN4VW5Yz0=
gopkg.in/yaml.v3 v3.0.1 h1:fxVm/GzAzEWqLHuvctI91KS9hhNmmWOoWu0XTYJS7CA=
gopkg.in/yaml.v3 v3.0.1/go.mod h1:K4uyk7z7BCEPqu6E+C64Yfv1cQ7kz7rIZviUmN+EgEM=
