github.com/iti/cmdline v0.1.0 h1:1KU2WePAHn3GCxoXPI9bI/AHeBc/nFqaqeP2Xq4FitI=
github.com/iti/cmdline v0.1.0/go.mod h1:TbCZptCysYs4UyP281TmNiEubmu19VKNvJFFsTtMos0=
github.com/iti/evt v0.1.0 h1:kjSXXxF+mwKPpKWtp0oLRfwPX9BSS+xWUaeNxfS0BsQ=
github.com/iti/evt v0.1.0/go.mod h1:7inW/lMkXSMwOCVG7udj0YE0ssxd6l0H5rgN5iR/RRU=
github.com/iti/mrnes v0.0.0-20240205194631-f0a03d4a92c8 h1:MLh9bSH2RyYdaj3YmlNcoE0iArr/z9u/oMaW9We8y3A=
github.com/iti/mrnes v0.0.0-20240205194631-f0a03d4a92c8/go.mod h1:RZTtyFav5OibuKJzLGb+cpwybg7EozPppoWN6n6srmo=
github.com/iti/mrnesbits v0.0.0-20240205042500-7edf891a7b1e h1:28CofXTiOGuJ3zo7qumY845PSPOFKGVn/FmEs9vg3oc=
github.com/iti/mrnesbits v0.0.0-20240205042500-7edf891a7b1e/go.mod h1:VYD4vFr1BZVNlIsG//b6FDKEIkJaMDysdlUH3uXDN+I=
github.com/iti/rngstream v0.2.2 h1:9cfSikwWPW1Yie+RjdJ23uUuMryLu+Ou38/TChYLPZ8=
github.com/iti/rngstream v0.2.2/go.mod h1:sf9vdWtEjVW4dxOocgIqbivkNIrfcl10H8jEeeqFNnQ=
golang.org/x/exp v0.0.0-20240119083558-1b970713d09a h1:Q8/wZp0KX97QFTc2ywcOE0YRjZPVIx+MXInMzdvQqcA=
golang.org/x/exp v0.0.0-20240119083558-1b970713d09a/go.mod h1:idGWGoKP1toJGkd5/ig9ZLuPcZBC3ewk7SzmH0uou08=
gonum.org/v1/gonum v0.14.0 h1:2NiG67LD1tEH0D7kM+ps2V+fXmsAnpUeec7n8tcr4S0=
gonum.org/v1/gonum v0.14.0/go.mod h1:AoWeoz0becf9QMWtE8iWXNXc27fK4fNeHNf/oMejGfU=
gopkg.in/check.v1 v0.0.0-20161208181325-20d25e280405 h1:yhCVgyC4o1eVCa2tZl7eS0r+SDo693bJlVdllGtEeKM=
gopkg.in/check.v1 v0.0.0-20161208181325-20d25e280405/go.mod h1:Co6ibVJAznAaIkqp8huTwlJQCZ016jof/cbN4VW5Yz0=
gopkg.in/yaml.v3 v3.0.1 h1:fxVm/GzAzEWqLHuvctI91KS9hhNmmWOoWu0XTYJS7CA=
gopkg.in/yaml.v3 v3.0.1/go.mod h1:K4uyk7z7BCEPqu6E+C64Yfv1cQ7kz7rIZviUmN+EgEM=
